{
  "name": "gitlab-mr-dash",
  "version": "0.0.1",
  "lockfileVersion": 1,
  "requires": true,
  "dependencies": {
    "address": {
      "version": "1.0.3",
      "resolved": "https://registry.npmjs.org/address/-/address-1.0.3.tgz",
      "integrity": "sha512-z55ocwKBRLryBs394Sm3ushTtBeg6VAeuku7utSoSnsJKvKcnXFIyC6vh27n3rXyxSgkJBBCAvyOn7gSUcTYjg=="
    },
    "any-promise": {
      "version": "1.3.0",
      "resolved": "https://registry.npmjs.org/any-promise/-/any-promise-1.3.0.tgz",
      "integrity": "sha1-q8av7tzqUugJzcA3au0845Y10X8="
    },
    "bootstrap": {
      "version": "4.3.1",
      "resolved": "https://registry.npmjs.org/bootstrap/-/bootstrap-4.3.1.tgz",
      "integrity": "sha512-rXqOmH1VilAt2DyPzluTi2blhk17bO7ef+zLLPlWvG494pDxcM234pJ8wTc/6R40UWizAIIMgxjvxZg5kmsbag=="
    },
    "debug": {
      "version": "2.6.9",
      "resolved": "https://registry.npmjs.org/debug/-/debug-2.6.9.tgz",
      "integrity": "sha512-bC7ElrdJaJnPbAP+1EotYvqZsb3ecl5wi6Bfi6BJTUcNowp6cvspg0jXznRTKDjm/E7AdgFBVeAPVMNcKGsHMA==",
      "requires": {
        "ms": "2.0.0"
      }
    },
    "default-user-agent": {
      "version": "0.0.1",
      "resolved": "https://registry.npmjs.org/default-user-agent/-/default-user-agent-0.0.1.tgz",
      "integrity": "sha1-r7EkxYraBjX0720MFd2QZVUJirE="
    },
    "digest-header": {
      "version": "0.0.1",
      "resolved": "https://registry.npmjs.org/digest-header/-/digest-header-0.0.1.tgz",
      "integrity": "sha1-Ecz23uxXZqw3l0TZAcEsuklRS+Y=",
      "requires": {
        "utility": "0.1.11"
      }
    },
    "enable": {
      "version": "1.3.2",
      "resolved": "https://registry.npmjs.org/enable/-/enable-1.3.2.tgz",
      "integrity": "sha1-nrpoN9FtCYK1n4fYib91REPVKTE="
    },
    "lint": {
      "version": "1.1.2",
      "resolved": "https://registry.npmjs.org/lint/-/lint-1.1.2.tgz",
      "integrity": "sha1-Ne0GTzIlR8MxNY2JmGhmSWi6Nx8="
    },
    "ms": {
      "version": "2.0.0",
      "resolved": "https://registry.npmjs.org/ms/-/ms-2.0.0.tgz",
      "integrity": "sha1-VgiurfwAvmwpAd9fmGF4jeDVl8g="
    },
    "node": {
      "version": "11.12.0",
      "resolved": "https://registry.npmjs.org/node/-/node-11.12.0.tgz",
      "integrity": "sha512-um2HVV67QzgmYnfrT6XszwwUT7S/i5nzIls68jEYOfVFJye+0ta2leda2ZWYUHzAajbUYyMp312v+1yYh0Jixw==",
      "requires": {
        "node-bin-setup": "^1.0.0"
      }
    },
    "node-bin-setup": {
      "version": "1.0.6",
      "resolved": "https://registry.npmjs.org/node-bin-setup/-/node-bin-setup-1.0.6.tgz",
      "integrity": "sha512-uPIxXNis1CRbv1DwqAxkgBk5NFV3s7cMN/Gf556jSw6jBvV7ca4F9lRL/8cALcZecRibeqU+5dFYqFFmzv5a0Q=="
    },
    "node-gitlab": {
      "version": "1.6.1",
      "resolved": "https://registry.npmjs.org/node-gitlab/-/node-gitlab-1.6.1.tgz",
      "integrity": "sha512-g2LSlFueQCWyu8aEGTPSDJYH0fWKIu3e1iDZDhbcTiK5Cc6naKmTYLSh8oYyk8yf/04xN6MlRsV8kgnZqQpVXQ==",
      "requires": {
        "any-promise": "^1.3.0",
        "debug": "^2.6.9",
        "restful-client": "~1.0.0",
        "thunkify-wrap": "~1.0.4"
      }
    },
    "restful-client": {
      "version": "1.0.0",
      "resolved": "https://registry.npmjs.org/restful-client/-/restful-client-1.0.0.tgz",
      "integrity": "sha1-Kq7g6Wiw8NjeRS+m1ODLAkiGHt8=",
      "requires": {
        "debug": "~1.0.4",
        "urllib": "~0.5.17"
      },
      "dependencies": {
        "debug": {
          "version": "1.0.5",
          "resolved": "https://registry.npmjs.org/debug/-/debug-1.0.5.tgz",
          "integrity": "sha1-9yQSF0MPmd7EwrRz6rkiKOh0wqw=",
          "requires": {
            "ms": "2.0.0"
          }
        }
      }
    },
    "thunkify-wrap": {
      "version": "1.0.4",
      "resolved": "https://registry.npmjs.org/thunkify-wrap/-/thunkify-wrap-1.0.4.tgz",
      "integrity": "sha1-tSvlSN3+/aIOALWMYJZ2K0PdaIA=",
      "requires": {
        "enable": "1"
      }
    },
    "urllib": {
      "version": "0.5.18",
      "resolved": "https://registry.npmjs.org/urllib/-/urllib-0.5.18.tgz",
      "integrity": "sha1-hwQa8INPGtu0ctACmtCs2AsKX6I=",
      "requires": {
        "debug": "0.8.1",
        "default-user-agent": "0.0.1",
        "digest-header": "0.0.1"
      },
      "dependencies": {
        "debug": {
          "version": "0.8.1",
          "resolved": "https://registry.npmjs.org/debug/-/debug-0.8.1.tgz",
          "integrity": "sha1-IP9NJvXkIstoobrLu2EDmtjBwTA="
        }
      }
    },
    "utility": {
      "version": "0.1.11",
      "resolved": "https://registry.npmjs.org/utility/-/utility-0.1.11.tgz",
      "integrity": "sha1-/eYM+bTkdRlHoM9dEEzik2ciZxU=",
      "requires": {
        "address": ">=0.0.1"
      }
    }
  }
}
